
Microsoft Visual Studio Solution File, Format Version 12.00
# Visual Studio Version 17
VisualStudioVersion = 17.2.32630.192
MinimumVisualStudioVersion = 10.0.40219.1
Project("{FAE04EC0-301F-11D3-BF4B-00C04F79EFBC}") = "Calculator", "Calculator\Calculator.csproj", "{BD15C125-2407-444F-B51F-A82EBF77EDC5}"
EndProject
Project("{FAE04EC0-301F-11D3-BF4B-00C04F79EFBC}") = "Domain", "Domain\Domain.csproj", "{960E6FF7-E9F6-4116-B117-46E59F120E73}"
EndProject
Project("{FAE04EC0-301F-11D3-BF4B-00C04F79EFBC}") = "Web", "Web\Web.csproj", "{555D158F-6510-4F21-A704-9B8557CF41D4}"
EndProject
Global
	GlobalSection(SolutionConfigurationPlatforms) = preSolution
		Debug|Any CPU = Debug|Any CPU
		Release|Any CPU = Release|Any CPU
	EndGlobalSection
	GlobalSection(ProjectConfigurationPlatforms) = postSolution
		{BD15C125-2407-444F-B51F-A82EBF77EDC5}.Debug|Any CPU.ActiveCfg = Debug|Any CPU
		{BD15C125-2407-444F-B51F-A82EBF77EDC5}.Debug|Any CPU.Build.0 = Debug|Any CPU
		{BD15C125-2407-444F-B51F-A82EBF77EDC5}.Release|Any CPU.ActiveCfg = Release|Any CPU
		{BD15C125-2407-444F-B51F-A82EBF77EDC5}.Release|Any CPU.Build.0 = Release|Any CPU
		{960E6FF7-E9F6-4116-B117-46E59F120E73}.Debug|Any CPU.ActiveCfg = Debug|Any CPU
		{960E6FF7-E9F6-4116-B117-46E59F120E73}.Debug|Any CPU.Build.0 = Debug|Any CPU
		{960E6FF7-E9F6-4116-B117-46E59F120E73}.Release|Any CPU.ActiveCfg = Release|Any CPU
		{960E6FF7-E9F6-4116-B117-46E59F120E73}.Release|Any CPU.Build.0 = Release|Any CPU
		{555D158F-6510-4F21-A704-9B8557CF41D4}.Debug|Any CPU.ActiveCfg = Debug|Any CPU
		{555D158F-6510-4F21-A704-9B8557CF41D4}.Debug|Any CPU.Build.0 = Debug|Any CPU
		{555D158F-6510-4F21-A704-9B8557CF41D4}.Release|Any CPU.ActiveCfg = Release|Any CPU
		{555D158F-6510-4F21-A704-9B8557CF41D4}.Release|Any CPU.Build.0 = Release|Any CPU
	EndGlobalSection
	GlobalSection(SolutionProperties) = preSolution
		HideSolutionNode = FALSE
	EndGlobalSection
	GlobalSection(ExtensibilityGlobals) = postSolution
		SolutionGuid = {80212111-A1BB-40B9-9410-E13A6ABA12EE}
	EndGlobalSection
EndGlobal
